
Microsoft Visual Studio Solution File, Format Version 12.00
# Visual Studio Version 17
VisualStudioVersion = 17.8.34330.188
MinimumVisualStudioVersion = 10.0.40219.1
Project("{2150E333-8FDC-42A3-9474-1A3956D46DE8}") = ".src", ".src", "{2A223F67-B8E7-4665-B12A-C33046A2688D}"
EndProject
Project("{2150E333-8FDC-42A3-9474-1A3956D46DE8}") = "_Product", "_Product", "{5B555C37-72AA-4455-BDDE-1A4E95E1EE35}"
EndProject
Project("{2150E333-8FDC-42A3-9474-1A3956D46DE8}") = "UretimBandlari", "UretimBandlari", "{62315715-4407-40D4-9A23-DF577B0D248D}"
EndProject
Project("{2150E333-8FDC-42A3-9474-1A3956D46DE8}") = "Backend", "Backend", "{481FA64A-B566-437C-BDED-8F8DC4915BB8}"
EndProject
Project("{2150E333-8FDC-42A3-9474-1A3956D46DE8}") = "Frontend", "Frontend", "{4FB67F58-6824-47D1-B111-8AE95C89424F}"
EndProject
Project("{2150E333-8FDC-42A3-9474-1A3956D46DE8}") = "Shared", "Shared", "{0A0F42F4-9A06-4B98-9E6E-21246868CA86}"
EndProject
Project("{9A19103F-16F7-4668-BE54-9A1E7A4F7556}") = "Business", ".src\_Product\UretimBandlari\Backend\Business\Business.csproj", "{7582F7D7-023F-4CF0-A0D5-973F8BE3CEAC}"
EndProject
Project("{9A19103F-16F7-4668-BE54-9A1E7A4F7556}") = "Core", ".src\_Product\UretimBandlari\Backend\Core\Core.csproj", "{98894088-3C06-44DF-BD11-A401E2960BCF}"
EndProject
Project("{9A19103F-16F7-4668-BE54-9A1E7A4F7556}") = "Dal", ".src\_Product\UretimBandlari\Backend\Dal\Dal.csproj", "{02E6DDAC-1AC9-4520-92FD-6D1A9AD67951}"
EndProject
Project("{9A19103F-16F7-4668-BE54-9A1E7A4F7556}") = "BlazorUI", ".src\_Product\UretimBandlari\Frontend\BlazorUI\BlazorUI.csproj", "{9775E522-B7E4-4D1B-B3B5-E52E56F392A8}"
EndProject
Project("{9A19103F-16F7-4668-BE54-9A1E7A4F7556}") = "Entities", ".src\_Product\UretimBandlari\Shared\Entities\Entities.csproj", "{69C2C79C-7499-4187-8850-EEF381EDFE8D}"
EndProject
Project("{9A19103F-16F7-4668-BE54-9A1E7A4F7556}") = "DTOs", ".src\_Product\UretimBandlari\Shared\DTOs\DTOs.csproj", "{0095115B-A5BC-46B3-97C5-93EBADC51269}"
EndProject
Project("{9A19103F-16F7-4668-BE54-9A1E7A4F7556}") = "EndPointApi", ".src\_Product\UretimBandlari\Backend\EndPointApi\EndPointApi.csproj", "{90EC1141-85F4-4F33-A7F8-9FAA1F82FBC7}"
EndProject
Project("{9A19103F-16F7-4668-BE54-9A1E7A4F7556}") = "FullSharedCore", ".src\FullSharedCore\FullSharedCore.csproj", "{50B8C894-30F9-4C89-BBB3-D86F054307EB}"
EndProject
Project("{9A19103F-16F7-4668-BE54-9A1E7A4F7556}") = "FullSharedResults", ".src\FullSharedResults\FullSharedResults.csproj", "{53B0EF07-FC8D-4693-A389-357CE871269C}"
EndProject
Global
	GlobalSection(SolutionConfigurationPlatforms) = preSolution
		Debug|Any CPU = Debug|Any CPU
		Release|Any CPU = Release|Any CPU
	EndGlobalSection
	GlobalSection(ProjectConfigurationPlatforms) = postSolution
		{7582F7D7-023F-4CF0-A0D5-973F8BE3CEAC}.Debug|Any CPU.ActiveCfg = Debug|Any CPU
		{7582F7D7-023F-4CF0-A0D5-973F8BE3CEAC}.Debug|Any CPU.Build.0 = Debug|Any CPU
		{7582F7D7-023F-4CF0-A0D5-973F8BE3CEAC}.Release|Any CPU.ActiveCfg = Release|Any CPU
		{7582F7D7-023F-4CF0-A0D5-973F8BE3CEAC}.Release|Any CPU.Build.0 = Release|Any CPU
		{98894088-3C06-44DF-BD11-A401E2960BCF}.Debug|Any CPU.ActiveCfg = Debug|Any CPU
		{98894088-3C06-44DF-BD11-A401E2960BCF}.Debug|Any CPU.Build.0 = Debug|Any CPU
		{98894088-3C06-44DF-BD11-A401E2960BCF}.Release|Any CPU.ActiveCfg = Release|Any CPU
		{98894088-3C06-44DF-BD11-A401E2960BCF}.Release|Any CPU.Build.0 = Release|Any CPU
		{02E6DDAC-1AC9-4520-92FD-6D1A9AD67951}.Debug|Any CPU.ActiveCfg = Debug|Any CPU
		{02E6DDAC-1AC9-4520-92FD-6D1A9AD67951}.Debug|Any CPU.Build.0 = Debug|Any CPU
		{02E6DDAC-1AC9-4520-92FD-6D1A9AD67951}.Release|Any CPU.ActiveCfg = Release|Any CPU
		{02E6DDAC-1AC9-4520-92FD-6D1A9AD67951}.Release|Any CPU.Build.0 = Release|Any CPU
		{9775E522-B7E4-4D1B-B3B5-E52E56F392A8}.Debug|Any CPU.ActiveCfg = Debug|Any CPU
		{9775E522-B7E4-4D1B-B3B5-E52E56F392A8}.Debug|Any CPU.Build.0 = Debug|Any CPU
		{9775E522-B7E4-4D1B-B3B5-E52E56F392A8}.Release|Any CPU.ActiveCfg = Release|Any CPU
		{9775E522-B7E4-4D1B-B3B5-E52E56F392A8}.Release|Any CPU.Build.0 = Release|Any CPU
		{69C2C79C-7499-4187-8850-EEF381EDFE8D}.Debug|Any CPU.ActiveCfg = Debug|Any CPU
		{69C2C79C-7499-4187-8850-EEF381EDFE8D}.Debug|Any CPU.Build.0 = Debug|Any CPU
		{69C2C79C-7499-4187-8850-EEF381EDFE8D}.Release|Any CPU.ActiveCfg = Release|Any CPU
		{69C2C79C-7499-4187-8850-EEF381EDFE8D}.Release|Any CPU.Build.0 = Release|Any CPU
		{0095115B-A5BC-46B3-97C5-93EBADC51269}.Debug|Any CPU.ActiveCfg = Debug|Any CPU
		{0095115B-A5BC-46B3-97C5-93EBADC51269}.Debug|Any CPU.Build.0 = Debug|Any CPU
		{0095115B-A5BC-46B3-97C5-93EBADC51269}.Release|Any CPU.ActiveCfg = Release|Any CPU
		{0095115B-A5BC-46B3-97C5-93EBADC51269}.Release|Any CPU.Build.0 = Release|Any CPU
		{90EC1141-85F4-4F33-A7F8-9FAA1F82FBC7}.Debug|Any CPU.ActiveCfg = Debug|Any CPU
		{90EC1141-85F4-4F33-A7F8-9FAA1F82FBC7}.Debug|Any CPU.Build.0 = Debug|Any CPU
		{90EC1141-85F4-4F33-A7F8-9FAA1F82FBC7}.Release|Any CPU.ActiveCfg = Release|Any CPU
		{90EC1141-85F4-4F33-A7F8-9FAA1F82FBC7}.Release|Any CPU.Build.0 = Release|Any CPU
		{50B8C894-30F9-4C89-BBB3-D86F054307EB}.Debug|Any CPU.ActiveCfg = Debug|Any CPU
		{50B8C894-30F9-4C89-BBB3-D86F054307EB}.Debug|Any CPU.Build.0 = Debug|Any CPU
		{50B8C894-30F9-4C89-BBB3-D86F054307EB}.Release|Any CPU.ActiveCfg = Release|Any CPU
		{50B8C894-30F9-4C89-BBB3-D86F054307EB}.Release|Any CPU.Build.0 = Release|Any CPU
		{53B0EF07-FC8D-4693-A389-357CE871269C}.Debug|Any CPU.ActiveCfg = Debug|Any CPU
		{53B0EF07-FC8D-4693-A389-357CE871269C}.Debug|Any CPU.Build.0 = Debug|Any CPU
		{53B0EF07-FC8D-4693-A389-357CE871269C}.Release|Any CPU.ActiveCfg = Release|Any CPU
		{53B0EF07-FC8D-4693-A389-357CE871269C}.Release|Any CPU.Build.0 = Release|Any CPU
	EndGlobalSection
	GlobalSection(SolutionProperties) = preSolution
		HideSolutionNode = FALSE
	EndGlobalSection
	GlobalSection(NestedProjects) = preSolution
		{5B555C37-72AA-4455-BDDE-1A4E95E1EE35} = {2A223F67-B8E7-4665-B12A-C33046A2688D}
		{62315715-4407-40D4-9A23-DF577B0D248D} = {5B555C37-72AA-4455-BDDE-1A4E95E1EE35}
		{481FA64A-B566-437C-BDED-8F8DC4915BB8} = {62315715-4407-40D4-9A23-DF577B0D248D}
		{4FB67F58-6824-47D1-B111-8AE95C89424F} = {62315715-4407-40D4-9A23-DF577B0D248D}
		{0A0F42F4-9A06-4B98-9E6E-21246868CA86} = {62315715-4407-40D4-9A23-DF577B0D248D}
		{7582F7D7-023F-4CF0-A0D5-973F8BE3CEAC} = {481FA64A-B566-437C-BDED-8F8DC4915BB8}
		{98894088-3C06-44DF-BD11-A401E2960BCF} = {481FA64A-B566-437C-BDED-8F8DC4915BB8}
		{02E6DDAC-1AC9-4520-92FD-6D1A9AD67951} = {481FA64A-B566-437C-BDED-8F8DC4915BB8}
		{9775E522-B7E4-4D1B-B3B5-E52E56F392A8} = {4FB67F58-6824-47D1-B111-8AE95C89424F}
		{69C2C79C-7499-4187-8850-EEF381EDFE8D} = {0A0F42F4-9A06-4B98-9E6E-21246868CA86}
		{0095115B-A5BC-46B3-97C5-93EBADC51269} = {0A0F42F4-9A06-4B98-9E6E-21246868CA86}
		{90EC1141-85F4-4F33-A7F8-9FAA1F82FBC7} = {481FA64A-B566-437C-BDED-8F8DC4915BB8}
		{50B8C894-30F9-4C89-BBB3-D86F054307EB} = {2A223F67-B8E7-4665-B12A-C33046A2688D}
		{53B0EF07-FC8D-4693-A389-357CE871269C} = {2A223F67-B8E7-4665-B12A-C33046A2688D}
	EndGlobalSection
	GlobalSection(ExtensibilityGlobals) = postSolution
		SolutionGuid = {233318EA-D155-4F5D-911E-1E07E0619DF5}
	EndGlobalSection
EndGlobal
